// !$*UTF8*$!
{
	archiveVersion = 1;
	classes = {
	};
	objectVersion = 46;
	objects = {

/* Begin PBXBuildFile section */
		ADBDD6451C4636CC007D2B8E /* main.m in Sources */ = {isa = PBXBuildFile; fileRef = ADBDD6441C4636CC007D2B8E /* main.m */; };
		ADBDD6481C4636CC007D2B8E /* AppDelegate.m in Sources */ = {isa = PBXBuildFile; fileRef = ADBDD6471C4636CC007D2B8E /* AppDelegate.m */; };
		ADBDD64B1C4636CC007D2B8E /* ViewController.m in Sources */ = {isa = PBXBuildFile; fileRef = ADBDD64A1C4636CC007D2B8E /* ViewController.m */; };
		ADBDD64E1C4636CC007D2B8E /* Main.storyboard in Resources */ = {isa = PBXBuildFile; fileRef = ADBDD64C1C4636CC007D2B8E /* Main.storyboard */; };
		ADBDD6501C4636CD007D2B8E /* Images.xcassets in Resources */ = {isa = PBXBuildFile; fileRef = ADBDD64F1C4636CD007D2B8E /* Images.xcassets */; };
		ADBDD6531C4636CD007D2B8E /* LaunchScreen.xib in Resources */ = {isa = PBXBuildFile; fileRef = ADBDD6511C4636CD007D2B8E /* LaunchScreen.xib */; };
		ADBDD65F1C4636CD007D2B8E /* RoundedDemoTests.m in Sources */ = {isa = PBXBuildFile; fileRef = ADBDD65E1C4636CD007D2B8E /* RoundedDemoTests.m */; };
		ADBDD6691C463715007D2B8E /* icon.png in Resources */ = {isa = PBXBuildFile; fileRef = ADBDD6681C463715007D2B8E /* icon.png */; };
		ADBDD66B1C463F6D007D2B8E /* demo.jpg in Resources */ = {isa = PBXBuildFile; fileRef = ADBDD66A1C463F6D007D2B8E /* demo.jpg */; };
/* End PBXBuildFile section */

/* Begin PBXContainerItemProxy section */
		ADBDD6591C4636CD007D2B8E /* PBXContainerItemProxy */ = {
			isa = PBXContainerItemProxy;
			containerPortal = ADBDD6371C4636CC007D2B8E /* Project object */;
			proxyType = 1;
			remoteGlobalIDString = ADBDD63E1C4636CC007D2B8E;
			remoteInfo = RoundedDemo;
		};
/* End PBXContainerItemProxy section */

/* Begin PBXFileReference section */
		ADBDD63F1C4636CC007D2B8E /* RoundedDemo.app */ = {isa = PBXFileReference; explicitFileType = wrapper.application; includeInIndex = 0; path = RoundedDemo.app; sourceTree = BUILT_PRODUCTS_DIR; };
		ADBDD6431C4636CC007D2B8E /* Info.plist */ = {isa = PBXFileReference; lastKnownFileType = text.plist.xml; path = Info.plist; sourceTree = "<group>"; };
		ADBDD6441C4636CC007D2B8E /* main.m */ = {isa = PBXFileReference; lastKnownFileType = sourcecode.c.objc; path = main.m; sourceTree = "<group>"; };
		ADBDD6461C4636CC007D2B8E /* AppDelegate.h */ = {isa = PBXFileReference; lastKnownFileType = sourcecode.c.h; path = AppDelegate.h; sourceTree = "<group>"; };
		ADBDD6471C4636CC007D2B8E /* AppDelegate.m */ = {isa = PBXFileReference; lastKnownFileType = sourcecode.c.objc; path = AppDelegate.m; sourceTree = "<group>"; };
		ADBDD6491C4636CC007D2B8E /* ViewController.h */ = {isa = PBXFileReference; lastKnownFileType = sourcecode.c.h; path = ViewController.h; sourceTree = "<group>"; };
		ADBDD64A1C4636CC007D2B8E /* ViewController.m */ = {isa = PBXFileReference; lastKnownFileType = sourcecode.c.objc; path = ViewController.m; sourceTree = "<group>"; };
		ADBDD64D1C4636CC007D2B8E /* Base */ = {isa = PBXFileReference; lastKnownFileType = file.storyboard; name = Base; path = Base.lproj/Main.storyboard; sourceTree = "<group>"; };
		ADBDD64F1C4636CD007D2B8E /* Images.xcassets */ = {isa = PBXFileReference; lastKnownFileType = folder.assetcatalog; path = Images.xcassets; sourceTree = "<group>"; };
		ADBDD6521C4636CD007D2B8E /* Base */ = {isa = PBXFileReference; lastKnownFileType = file.xib; name = Base; path = Base.lproj/LaunchScreen.xib; sourceTree = "<group>"; };
		ADBDD6581C4636CD007D2B8E /* RoundedDemoTests.xctest */ = {isa = PBXFileReference; explicitFileType = wrapper.cfbundle; includeInIndex = 0; path = RoundedDemoTests.xctest; sourceTree = BUILT_PRODUCTS_DIR; };
		ADBDD65D1C4636CD007D2B8E /* Info.plist */ = {isa = PBXFileReference; lastKnownFileType = text.plist.xml; path = Info.plist; sourceTree = "<group>"; };
		ADBDD65E1C4636CD007D2B8E /* RoundedDemoTests.m */ = {isa = PBXFileReference; lastKnownFileType = sourcecode.c.objc; path = RoundedDemoTests.m; sourceTree = "<group>"; };
		ADBDD6681C463715007D2B8E /* icon.png */ = {isa = PBXFileReference; lastKnownFileType = image.png; path = icon.png; sourceTree = "<group>"; };
		ADBDD66A1C463F6D007D2B8E /* demo.jpg */ = {isa = PBXFileReference; lastKnownFileType = image.jpeg; path = demo.jpg; sourceTree = "<group>"; };
/* End PBXFileReference section */

/* Begin PBXFrameworksBuildPhase section */
		ADBDD63C1C4636CC007D2B8E /* Frameworks */ = {
			isa = PBXFrameworksBuildPhase;
			buildActionMask = 2147483647;
			files = (
			);
			runOnlyForDeploymentPostprocessing = 0;
		};
		ADBDD6551C4636CD007D2B8E /* Frameworks */ = {
			isa = PBXFrameworksBuildPhase;
			buildActionMask = 2147483647;
			files = (
			);
			runOnlyForDeploymentPostprocessing = 0;
		};
/* End PBXFrameworksBuildPhase section */

/* Begin PBXGroup section */
		ADBDD6361C4636CC007D2B8E = {
			isa = PBXGroup;
			children = (
				ADBDD6411C4636CC007D2B8E /* RoundedDemo */,
				ADBDD65B1C4636CD007D2B8E /* RoundedDemoTests */,
				ADBDD6401C4636CC007D2B8E /* Products */,
				ADBDD66A1C463F6D007D2B8E /* demo.jpg */,
			);
			sourceTree = "<group>";
		};
		ADBDD6401C4636CC007D2B8E /* Products */ = {
			isa = PBXGroup;
			children = (
				ADBDD63F1C4636CC007D2B8E /* RoundedDemo.app */,
				ADBDD6581C4636CD007D2B8E /* RoundedDemoTests.xctest */,
			);
			name = Products;
			sourceTree = "<group>";
		};
		ADBDD6411C4636CC007D2B8E /* RoundedDemo */ = {
			isa = PBXGroup;
			children = (
				ADBDD6461C4636CC007D2B8E /* AppDelegate.h */,
				ADBDD6471C4636CC007D2B8E /* AppDelegate.m */,
				ADBDD6491C4636CC007D2B8E /* ViewController.h */,
				ADBDD64A1C4636CC007D2B8E /* ViewController.m */,
				ADBDD64C1C4636CC007D2B8E /* Main.storyboard */,
				ADBDD64F1C4636CD007D2B8E /* Images.xcassets */,
				ADBDD6511C4636CD007D2B8E /* LaunchScreen.xib */,
				ADBDD6681C463715007D2B8E /* icon.png */,
				ADBDD6421C4636CC007D2B8E /* Supporting Files */,
			);
			path = RoundedDemo;
			sourceTree = "<group>";
		};
		ADBDD6421C4636CC007D2B8E /* Supporting Files */ = {
			isa = PBXGroup;
			children = (
				ADBDD6431C4636CC007D2B8E /* Info.plist */,
				ADBDD6441C4636CC007D2B8E /* main.m */,
			);
			name = "Supporting Files";
			sourceTree = "<group>";
		};
		ADBDD65B1C4636CD007D2B8E /* RoundedDemoTests */ = {
			isa = PBXGroup;
			children = (
				ADBDD65E1C4636CD007D2B8E /* RoundedDemoTests.m */,
				ADBDD65C1C4636CD007D2B8E /* Supporting Files */,
			);
			path = RoundedDemoTests;
			sourceTree = "<group>";
		};
		ADBDD65C1C4636CD007D2B8E /* Supporting Files */ = {
			isa = PBXGroup;
			children = (
				ADBDD65D1C4636CD007D2B8E /* Info.plist */,
			);
			name = "Supporting Files";
			sourceTree = "<group>";
		};
/* End PBXGroup section */

/* Begin PBXNativeTarget section */
		ADBDD63E1C4636CC007D2B8E /* RoundedDemo */ = {
			isa = PBXNativeTarget;
			buildConfigurationList = ADBDD6621C4636CD007D2B8E /* Build configuration list for PBXNativeTarget "RoundedDemo" */;
			buildPhases = (
				ADBDD63B1C4636CC007D2B8E /* Sources */,
				ADBDD63C1C4636CC007D2B8E /* Frameworks */,
				ADBDD63D1C4636CC007D2B8E /* Resources */,
			);
			buildRules = (
			);
			dependencies = (
			);
			name = RoundedDemo;
			productName = RoundedDemo;
			productReference = ADBDD63F1C4636CC007D2B8E /* RoundedDemo.app */;
			productType = "com.apple.product-type.application";
		};
		ADBDD6571C4636CD007D2B8E /* RoundedDemoTests */ = {
			isa = PBXNativeTarget;
			buildConfigurationList = ADBDD6651C4636CD007D2B8E /* Build configuration list for PBXNativeTarget "RoundedDemoTests" */;
			buildPhases = (
				ADBDD6541C4636CD007D2B8E /* Sources */,
				ADBDD6551C4636CD007D2B8E /* Frameworks */,
				ADBDD6561C4636CD007D2B8E /* Resources */,
			);
			buildRules = (
			);
			dependencies = (
				ADBDD65A1C4636CD007D2B8E /* PBXTargetDependency */,
			);
			name = RoundedDemoTests;
			productName = RoundedDemoTests;
			productReference = ADBDD6581C4636CD007D2B8E /* RoundedDemoTests.xctest */;
			productType = "com.apple.product-type.bundle.unit-test";
		};
/* End PBXNativeTarget section */

/* Begin PBXProject section */
		ADBDD6371C4636CC007D2B8E /* Project object */ = {
			isa = PBXProject;
			attributes = {
				LastUpgradeCheck = 0640;
				ORGANIZATIONNAME = Cloudox;
				TargetAttributes = {
					ADBDD63E1C4636CC007D2B8E = {
						CreatedOnToolsVersion = 6.4;
					};
					ADBDD6571C4636CD007D2B8E = {
						CreatedOnToolsVersion = 6.4;
						TestTargetID = ADBDD63E1C4636CC007D2B8E;
					};
				};
			};
			buildConfigurationList = ADBDD63A1C4636CC007D2B8E /* Build configuration list for PBXProject "RoundedDemo" */;
			compatibilityVersion = "Xcode 3.2";
			developmentRegion = English;
			hasScannedForEncodings = 0;
			knownRegions = (
				en,
				Base,
			);
			mainGroup = ADBDD6361C4636CC007D2B8E;
			productRefGroup = ADBDD6401C4636CC007D2B8E /* Products */;
			projectDirPath = "";
			projectRoot = "";
			targets = (
				ADBDD63E1C4636CC007D2B8E /* RoundedDemo */,
				ADBDD6571C4636CD007D2B8E /* RoundedDemoTests */,
			);
		};
/* End PBXProject section */

/* Begin PBXResourcesBuildPhase section */
		ADBDD63D1C4636CC007D2B8E /* Resources */ = {
			isa = PBXResourcesBuildPhase;
			buildActionMask = 2147483647;
			files = (
				ADBDD6691C463715007D2B8E /* icon.png in Resources */,
				ADBDD64E1C4636CC007D2B8E /* Main.storyboard in Resources */,
				ADBDD6531C4636CD007D2B8E /* LaunchScreen.xib in Resources */,
				ADBDD66B1C463F6D007D2B8E /* demo.jpg in Resources */,
				ADBDD6501C4636CD007D2B8E /* Images.xcassets in Resources */,
			);
			runOnlyForDeploymentPostprocessing = 0;
		};
		ADBDD6561C4636CD007D2B8E /* Resources */ = {
			isa = PBXResourcesBuildPhase;
			buildActionMask = 2147483647;
			files = (
			);
			runOnlyForDeploymentPostprocessing = 0;
		};
/* End PBXResourcesBuildPhase section */

/* Begin PBXSourcesBuildPhase section */
		ADBDD63B1C4636CC007D2B8E /* Sources */ = {
			isa = PBXSourcesBuildPhase;
			buildActionMask = 2147483647;
			files = (
				ADBDD64B1C4636CC007D2B8E /* ViewController.m in Sources */,
				ADBDD6481C4636CC007D2B8E /* AppDelegate.m in Sources */,
				ADBDD6451C4636CC007D2B8E /* main.m in Sources */,
			);
			runOnlyForDeploymentPostprocessing = 0;
		};
		ADBDD6541C4636CD007D2B8E /* Sources */ = {
			isa = PBXSourcesBuildPhase;
			buildActionMask = 2147483647;
			files = (
				ADBDD65F1C4636CD007D2B8E /* RoundedDemoTests.m in Sources */,
			);
			runOnlyForDeploymentPostprocessing = 0;
		};
/* End PBXSourcesBuildPhase section */

/* Begin PBXTargetDependency section */
		ADBDD65A1C4636CD007D2B8E /* PBXTargetDependency */ = {
			isa = PBXTargetDependency;
			target = ADBDD63E1C4636CC007D2B8E /* RoundedDemo */;
			targetProxy = ADBDD6591C4636CD007D2B8E /* PBXContainerItemProxy */;
		};
/* End PBXTargetDependency section */

/* Begin PBXVariantGroup section */
		ADBDD64C1C4636CC007D2B8E /* Main.storyboard */ = {
			isa = PBXVariantGroup;
			children = (
				ADBDD64D1C4636CC007D2B8E /* Base */,
			);
			name = Main.storyboard;
			sourceTree = "<group>";
		};
		ADBDD6511C4636CD007D2B8E /* LaunchScreen.xib */ = {
			isa = PBXVariantGroup;
			children = (
				ADBDD6521C4636CD007D2B8E /* Base */,
			);
			name = LaunchScreen.xib;
			sourceTree = "<group>";
		};
/* End PBXVariantGroup section */

/* Begin XCBuildConfiguration section */
		ADBDD6601C4636CD007D2B8E /* Debug */ = {
			isa = XCBuildConfiguration;
			buildSettings = {
				ALWAYS_SEARCH_USER_PATHS = NO;
				CLANG_CXX_LANGUAGE_STANDARD = "gnu++0x";
				CLANG_CXX_LIBRARY = "libc++";
				CLANG_ENABLE_MODULES = YES;
				CLANG_ENABLE_OBJC_ARC = YES;
				CLANG_WARN_BOOL_CONVERSION = YES;
				CLANG_WARN_CONSTANT_CONVERSION = YES;
				CLANG_WARN_DIRECT_OBJC_ISA_USAGE = YES_ERROR;
				CLANG_WARN_EMPTY_BODY = YES;
				CLANG_WARN_ENUM_CONVERSION = YES;
				CLANG_WARN_INT_CONVERSION = YES;
				CLANG_WARN_OBJC_ROOT_CLASS = YES_ERROR;
				CLANG_WARN_UNREACHABLE_CODE = YES;
				CLANG_WARN__DUPLICATE_METHOD_MATCH = YES;
				"CODE_SIGN_IDENTITY[sdk=iphoneos*]" = "iPhone Developer";
				COPY_PHASE_STRIP = NO;
				DEBUG_INFORMATION_FORMAT = "dwarf-with-dsym";
				ENABLE_STRICT_OBJC_MSGSEND = YES;
				GCC_C_LANGUAGE_STANDARD = gnu99;
				GCC_DYNAMIC_NO_PIC = NO;
				GCC_NO_COMMON_BLOCKS = YES;
				GCC_OPTIMIZATION_LEVEL = 0;
				GCC_PREPROCESSOR_DEFINITIONS = (
					"DEBUG=1",
					"$(inherited)",
				);
				GCC_SYMBOLS_PRIVATE_EXTERN = NO;
				GCC_WARN_64_TO_32_BIT_CONVERSION = YES;
				GCC_WARN_ABOUT_RETURN_TYPE = YES_ERROR;
				GCC_WARN_UNDECLARED_SELECTOR = YES;
				GCC_WARN_UNINITIALIZED_AUTOS = YES_AGGRESSIVE;
				GCC_WARN_UNUSED_FUNCTION = YES;
				GCC_WARN_UNUSED_VARIABLE = YES;
				IPHONEOS_DEPLOYMENT_TARGET = 8.4;
				MTL_ENABLE_DEBUG_INFO = YES;
				ONLY_ACTIVE_ARCH = YES;
				SDKROOT = iphoneos;
			};
			name = Debug;
		};
		ADBDD6611C4636CD007D2B8E /* Release */ = {
			isa = XCBuildConfiguration;
			buildSettings = {
				ALWAYS_SEARCH_USER_PATHS = NO;
				CLANG_CXX_LANGUAGE_STANDARD = "gnu++0x";
				CLANG_CXX_LIBRARY = "libc++";
				CLANG_ENABLE_MODULES = YES;
				CLANG_ENABLE_OBJC_ARC = YES;
				CLANG_WARN_BOOL_CONVERSION = YES;
				CLANG_WARN_CONSTANT_CONVERSION = YES;
				CLANG_WARN_DIRECT_OBJC_ISA_USAGE = YES_ERROR;
				CLANG_WARN_EMPTY_BODY = YES;
				CLANG_WARN_ENUM_CONVERSION = YES;
				CLANG_WARN_INT_CONVERSION = YES;
				CLANG_WARN_OBJC_ROOT_CLASS = YES_ERROR;
				CLANG_WARN_UNREACHABLE_CODE = YES;
				CLANG_WARN__DUPLICATE_METHOD_MATCH = YES;
				"CODE_SIGN_IDENTITY[sdk=iphoneos*]" = "iPhone Developer";
				COPY_PHASE_STRIP = NO;
				DEBUG_INFORMATION_FORMAT = "dwarf-with-dsym";
				ENABLE_NS_ASSERTIONS = NO;
				ENABLE_STRICT_OBJC_MSGSEND = YES;
				GCC_C_LANGUAGE_STANDARD = gnu99;
				GCC_NO_COMMON_BLOCKS = YES;
				GCC_WARN_64_TO_32_BIT_CONVERSION = YES;
				GCC_WARN_ABOUT_RETURN_TYPE = YES_ERROR;
				GCC_WARN_UNDECLARED_SELECTOR = YES;
				GCC_WARN_UNINITIALIZED_AUTOS = YES_AGGRESSIVE;
				GCC_WARN_UNUSED_FUNCTION = YES;
				GCC_WARN_UNUSED_VARIABLE = YES;
				IPHONEOS_DEPLOYMENT_TARGET = 8.4;
				MTL_ENABLE_DEBUG_INFO = NO;
				SDKROOT = iphoneos;
				VALIDATE_PRODUCT = YES;
			};
			name = Release;
		};
		ADBDD6631C4636CD007D2B8E /* Debug */ = {
			isa = XCBuildConfiguration;
			buildSettings = {
				ASSETCATALOG_COMPILER_APPICON_NAME = AppIcon;
				INFOPLIST_FILE = RoundedDemo/Info.plist;
				LD_RUNPATH_SEARCH_PATHS = "$(inherited) @executable_path/Frameworks";
				PRODUCT_NAME = "$(TARGET_NAME)";
			};
			name = Debug;
		};
		ADBDD6641C4636CD007D2B8E /* Release */ = {
			isa = XCBuildConfiguration;
			buildSettings = {
				ASSETCATALOG_COMPILER_APPICON_NAME = AppIcon;
				INFOPLIST_FILE = RoundedDemo/Info.plist;
				LD_RUNPATH_SEARCH_PATHS = "$(inherited) @executable_path/Frameworks";
				PRODUCT_NAME = "$(TARGET_NAME)";
			};
			name = Release;
		};
		ADBDD6661C4636CD007D2B8E /* Debug */ = {
			isa = XCBuildConfiguration;
			buildSettings = {
				BUNDLE_LOADER = "$(TEST_HOST)";
				FRAMEWORK_SEARCH_PATHS = (
					"$(SDKROOT)/Developer/Library/Frameworks",
					"$(inherited)",
				);
				GCC_PREPROCESSOR_DEFINITIONS = (
					"DEBUG=1",
					"$(inherited)",
				);
				INFOPLIST_FILE = RoundedDemoTests/Info.plist;
				LD_RUNPATH_SEARCH_PATHS = "$(inherited) @executable_path/Frameworks @loader_path/Frameworks";
				PRODUCT_NAME = "$(TARGET_NAME)";
				TEST_HOST = "$(BUILT_PRODUCTS_DIR)/RoundedDemo.app/RoundedDemo";
			};
			name = Debug;
		};
		ADBDD6671C4636CD007D2B8E /* Release */ = {
			isa = XCBuildConfiguration;
			buildSettings = {
				BUNDLE_LOADER = "$(TEST_HOST)";
				FRAMEWORK_SEARCH_PATHS = (
					"$(SDKROOT)/Developer/Library/Frameworks",
					"$(inherited)",
				);
				INFOPLIST_FILE = RoundedDemoTests/Info.plist;
				LD_RUNPATH_SEARCH_PATHS = "$(inherited) @executable_path/Frameworks @loader_path/Frameworks";
				PRODUCT_NAME = "$(TARGET_NAME)";
				TEST_HOST = "$(BUILT_PRODUCTS_DIR)/RoundedDemo.app/RoundedDemo";
			};
			name = Release;
		};
/* End XCBuildConfiguration section */

/* Begin XCConfigurationList section */
		ADBDD63A1C4636CC007D2B8E /* Build configuration list for PBXProject "RoundedDemo" */ = {
			isa = XCConfigurationList;
			buildConfigurations = (
				ADBDD6601C4636CD007D2B8E /* Debug */,
				ADBDD6611C4636CD007D2B8E /* Release */,
			);
			defaultConfigurationIsVisible = 0;
			defaultConfigurationName = Release;
		};
		ADBDD6621C4636CD007D2B8E /* Build configuration list for PBXNativeTarget "RoundedDemo" */ = {
			isa = XCConfigurationList;
			buildConfigurations = (
				ADBDD6631C4636CD007D2B8E /* Debug */,
				ADBDD6641C4636CD007D2B8E /* Release */,
			);
			defaultConfigurationIsVisible = 0;
		};
		ADBDD6651C4636CD007D2B8E /* Build configuration list for PBXNativeTarget "RoundedDemoTests" */ = {
			isa = XCConfigurationList;
			buildConfigurations = (
				ADBDD6661C4636CD007D2B8E /* Debug */,
				ADBDD6671C4636CD007D2B8E /* Release */,
			);
			defaultConfigurationIsVisible = 0;
		};
/* End XCConfigurationList section */
	};
	rootObject = ADBDD6371C4636CC007D2B8E /* Project object */;
}
